
Microsoft Visual Studio Solution File, Format Version 12.00
Project("{FAE04EC0-301F-11D3-BF4B-00C04F79EFBC}") = "Advanced_stuff", "Advanced_stuff.csproj", "{5D41760B-81A5-41CD-8F59-118DCF02225E}"
EndProject
Global
	GlobalSection(SolutionConfigurationPlatforms) = preSolution
		Debug|Any CPU = Debug|Any CPU
		Release|Any CPU = Release|Any CPU
	EndGlobalSection
	GlobalSection(ProjectConfigurationPlatforms) = postSolution
		{5D41760B-81A5-41CD-8F59-118DCF02225E}.Debug|Any CPU.ActiveCfg = Debug|Any CPU
		{5D41760B-81A5-41CD-8F59-118DCF02225E}.Debug|Any CPU.Build.0 = Debug|Any CPU
		{5D41760B-81A5-41CD-8F59-118DCF02225E}.Release|Any CPU.ActiveCfg = Release|Any CPU
		{5D41760B-81A5-41CD-8F59-118DCF02225E}.Release|Any CPU.Build.0 = Release|Any CPU
	EndGlobalSection
EndGlobal
